
Microsoft Visual Studio Solution File, Format Version 12.00
# Visual Studio Version 17
VisualStudioVersion = 17.0.32112.339
MinimumVisualStudioVersion = 10.0.40219.1
Project("{FAE04EC0-301F-11D3-BF4B-00C04F79EFBC}") = "Exercices1", "Exercices1.csproj", "{4659EFA0-3AA6-486A-A600-A24A8F6756DE}"
EndProject
Global
	GlobalSection(SolutionConfigurationPlatforms) = preSolution
		Debug|Any CPU = Debug|Any CPU
		Release|Any CPU = Release|Any CPU
	EndGlobalSection
	GlobalSection(ProjectConfigurationPlatforms) = postSolution
		{4659EFA0-3AA6-486A-A600-A24A8F6756DE}.Debug|Any CPU.ActiveCfg = Debug|Any CPU
		{4659EFA0-3AA6-486A-A600-A24A8F6756DE}.Debug|Any CPU.Build.0 = Debug|Any CPU
		{4659EFA0-3AA6-486A-A600-A24A8F6756DE}.Release|Any CPU.ActiveCfg = Release|Any CPU
		{4659EFA0-3AA6-486A-A600-A24A8F6756DE}.Release|Any CPU.Build.0 = Release|Any CPU
	EndGlobalSection
	GlobalSection(SolutionProperties) = preSolution
		HideSolutionNode = FALSE
	EndGlobalSection
	GlobalSection(ExtensibilityGlobals) = postSolution
		SolutionGuid = {037A34E6-930C-499A-9DD9-F0D346B47CCD}
	EndGlobalSection
EndGlobal
